
Microsoft Visual Studio Solution File, Format Version 12.00
# Visual Studio Version 17
VisualStudioVersion = 17.14.36915.13
MinimumVisualStudioVersion = 10.0.40219.1
Project("{FAE04EC0-301F-11D3-BF4B-00C04F79EFBC}") = "WpfPart2", "WpfApp2\WpfPart2.csproj", "{EB81BC56-4141-477E-9D88-A0129AA2F7BB}"
EndProject
Project("{2150E333-8FDC-42A3-9474-1A3956D46DE8}") = "images", "images", "{02EA681E-C7D8-13C7-8484-4AC65E1B71E8}"
	ProjectSection(SolutionItems) = preProject
		WpfApp2\bot.jpeg = WpfApp2\bot.jpeg
		WpfApp2\turbo.jpg = WpfApp2\turbo.jpg
	EndProjectSection
EndProject
Global
	GlobalSection(SolutionConfigurationPlatforms) = preSolution
		Debug|Any CPU = Debug|Any CPU
		Release|Any CPU = Release|Any CPU
	EndGlobalSection
	GlobalSection(ProjectConfigurationPlatforms) = postSolution
		{EB81BC56-4141-477E-9D88-A0129AA2F7BB}.Debug|Any CPU.ActiveCfg = Debug|Any CPU
		{EB81BC56-4141-477E-9D88-A0129AA2F7BB}.Debug|Any CPU.Build.0 = Debug|Any CPU
		{EB81BC56-4141-477E-9D88-A0129AA2F7BB}.Release|Any CPU.ActiveCfg = Release|Any CPU
		{EB81BC56-4141-477E-9D88-A0129AA2F7BB}.Release|Any CPU.Build.0 = Release|Any CPU
	EndGlobalSection
	GlobalSection(SolutionProperties) = preSolution
		HideSolutionNode = FALSE
	EndGlobalSection
	GlobalSection(ExtensibilityGlobals) = postSolution
		SolutionGuid = {7A9A7559-D5D3-40C8-A0E4-89591E4307B7}
	EndGlobalSection
EndGlobal
